
Microsoft Visual Studio Solution File, Format Version 12.00
# Visual Studio Version 17
VisualStudioVersion = 17.9.34616.47
MinimumVisualStudioVersion = 10.0.40219.1
Project("{FAE04EC0-301F-11D3-BF4B-00C04F79EFBC}") = "TPMODUL5_1302220080", "TPMODUL5_1302220080\TPMODUL5_1302220080.csproj", "{0AEC1350-3519-4203-8B77-089CB22F744D}"
EndProject
Global
	GlobalSection(SolutionConfigurationPlatforms) = preSolution
		Debug|Any CPU = Debug|Any CPU
		Release|Any CPU = Release|Any CPU
	EndGlobalSection
	GlobalSection(ProjectConfigurationPlatforms) = postSolution
		{0AEC1350-3519-4203-8B77-089CB22F744D}.Debug|Any CPU.ActiveCfg = Debug|Any CPU
		{0AEC1350-3519-4203-8B77-089CB22F744D}.Debug|Any CPU.Build.0 = Debug|Any CPU
		{0AEC1350-3519-4203-8B77-089CB22F744D}.Release|Any CPU.ActiveCfg = Release|Any CPU
		{0AEC1350-3519-4203-8B77-089CB22F744D}.Release|Any CPU.Build.0 = Release|Any CPU
	EndGlobalSection
	GlobalSection(SolutionProperties) = preSolution
		HideSolutionNode = FALSE
	EndGlobalSection
	GlobalSection(ExtensibilityGlobals) = postSolution
		SolutionGuid = {4CD25B30-3201-460D-9F84-728EE5353DB0}
	EndGlobalSection
EndGlobal
